// !$*UTF8*$!
{
	archiveVersion = 1;
	classes = {
	};
	objectVersion = 48;
	objects = {

/* Begin PBXBuildFile section */
		A1A9EE1A201FC9DE00E6C605 /* AppDelegate.swift in Sources */ = {isa = PBXBuildFile; fileRef = A1A9EE19201FC9DE00E6C605 /* AppDelegate.swift */; };
		A1A9EE1C201FC9DE00E6C605 /* ViewController.swift in Sources */ = {isa = PBXBuildFile; fileRef = A1A9EE1B201FC9DE00E6C605 /* ViewController.swift */; };
		A1A9EE1F201FC9DE00E6C605 /* Main.storyboard in Resources */ = {isa = PBXBuildFile; fileRef = A1A9EE1D201FC9DE00E6C605 /* Main.storyboard */; };
		A1A9EE21201FC9DE00E6C605 /* Assets.xcassets in Resources */ = {isa = PBXBuildFile; fileRef = A1A9EE20201FC9DE00E6C605 /* Assets.xcassets */; };
		A1A9EE24201FC9DE00E6C605 /* LaunchScreen.storyboard in Resources */ = {isa = PBXBuildFile; fileRef = A1A9EE22201FC9DE00E6C605 /* LaunchScreen.storyboard */; };
		A1A9EE2F201FC9DE00E6C605 /* TicTacToeTests.swift in Sources */ = {isa = PBXBuildFile; fileRef = A1A9EE2E201FC9DE00E6C605 /* TicTacToeTests.swift */; };
		A1A9EE3A201FC9DE00E6C605 /* TicTacToeUITests.swift in Sources */ = {isa = PBXBuildFile; fileRef = A1A9EE39201FC9DE00E6C605 /* TicTacToeUITests.swift */; };
/* End PBXBuildFile section */

/* Begin PBXContainerItemProxy section */
		A1A9EE2B201FC9DE00E6C605 /* PBXContainerItemProxy */ = {
			isa = PBXContainerItemProxy;
			containerPortal = A1A9EE0E201FC9DE00E6C605 /* Project object */;
			proxyType = 1;
			remoteGlobalIDString = A1A9EE15201FC9DE00E6C605;
			remoteInfo = TicTacToe;
		};
		A1A9EE36201FC9DE00E6C605 /* PBXContainerItemProxy */ = {
			isa = PBXContainerItemProxy;
			containerPortal = A1A9EE0E201FC9DE00E6C605 /* Project object */;
			proxyType = 1;
			remoteGlobalIDString = A1A9EE15201FC9DE00E6C605;
			remoteInfo = TicTacToe;
		};
/* End PBXContainerItemProxy section */

/* Begin PBXFileReference section */
		A1A9EE16201FC9DE00E6C605 /* TicTacToe.app */ = {isa = PBXFileReference; explicitFileType = wrapper.application; includeInIndex = 0; path = TicTacToe.app; sourceTree = BUILT_PRODUCTS_DIR; };
		A1A9EE19201FC9DE00E6C605 /* AppDelegate.swift */ = {isa = PBXFileReference; lastKnownFileType = sourcecode.swift; path = AppDelegate.swift; sourceTree = "<group>"; };
		A1A9EE1B201FC9DE00E6C605 /* ViewController.swift */ = {isa = PBXFileReference; lastKnownFileType = sourcecode.swift; path = ViewController.swift; sourceTree = "<group>"; };
		A1A9EE1E201FC9DE00E6C605 /* Base */ = {isa = PBXFileReference; lastKnownFileType = file.storyboard; name = Base; path = Base.lproj/Main.storyboard; sourceTree = "<group>"; };
		A1A9EE20201FC9DE00E6C605 /* Assets.xcassets */ = {isa = PBXFileReference; lastKnownFileType = folder.assetcatalog; path = Assets.xcassets; sourceTree = "<group>"; };
		A1A9EE23201FC9DE00E6C605 /* Base */ = {isa = PBXFileReference; lastKnownFileType = file.storyboard; name = Base; path = Base.lproj/LaunchScreen.storyboard; sourceTree = "<group>"; };
		A1A9EE25201FC9DE00E6C605 /* Info.plist */ = {isa = PBXFileReference; lastKnownFileType = text.plist.xml; path = Info.plist; sourceTree = "<group>"; };
		A1A9EE2A201FC9DE00E6C605 /* TicTacToeTests.xctest */ = {isa = PBXFileReference; explicitFileType = wrapper.cfbundle; includeInIndex = 0; path = TicTacToeTests.xctest; sourceTree = BUILT_PRODUCTS_DIR; };
		A1A9EE2E201FC9DE00E6C605 /* TicTacToeTests.swift */ = {isa = PBXFileReference; lastKnownFileType = sourcecode.swift; path = TicTacToeTests.swift; sourceTree = "<group>"; };
		A1A9EE30201FC9DE00E6C605 /* Info.plist */ = {isa = PBXFileReference; lastKnownFileType = text.plist.xml; path = Info.plist; sourceTree = "<group>"; };
		A1A9EE35201FC9DE00E6C605 /* TicTacToeUITests.xctest */ = {isa = PBXFileReference; explicitFileType = wrapper.cfbundle; includeInIndex = 0; path = TicTacToeUITests.xctest; sourceTree = BUILT_PRODUCTS_DIR; };
		A1A9EE39201FC9DE00E6C605 /* TicTacToeUITests.swift */ = {isa = PBXFileReference; lastKnownFileType = sourcecode.swift; path = TicTacToeUITests.swift; sourceTree = "<group>"; };
		A1A9EE3B201FC9DE00E6C605 /* Info.plist */ = {isa = PBXFileReference; lastKnownFileType = text.plist.xml; path = Info.plist; sourceTree = "<group>"; };
/* End PBXFileReference section */

/* Begin PBXFrameworksBuildPhase section */
		A1A9EE13201FC9DE00E6C605 /* Frameworks */ = {
			isa = PBXFrameworksBuildPhase;
			buildActionMask = 2147483647;
			files = (
			);
			runOnlyForDeploymentPostprocessing = 0;
		};
		A1A9EE27201FC9DE00E6C605 /* Frameworks */ = {
			isa = PBXFrameworksBuildPhase;
			buildActionMask = 2147483647;
			files = (
			);
			runOnlyForDeploymentPostprocessing = 0;
		};
		A1A9EE32201FC9DE00E6C605 /* Frameworks */ = {
			isa = PBXFrameworksBuildPhase;
			buildActionMask = 2147483647;
			files = (
			);
			runOnlyForDeploymentPostprocessing = 0;
		};
/* End PBXFrameworksBuildPhase section */

/* Begin PBXGroup section */
		A1A9EE0D201FC9DE00E6C605 = {
			isa = PBXGroup;
			children = (
				A1A9EE18201FC9DE00E6C605 /* TicTacToe */,
				A1A9EE2D201FC9DE00E6C605 /* TicTacToeTests */,
				A1A9EE38201FC9DE00E6C605 /* TicTacToeUITests */,
				A1A9EE17201FC9DE00E6C605 /* Products */,
			);
			sourceTree = "<group>";
		};
		A1A9EE17201FC9DE00E6C605 /* Products */ = {
			isa = PBXGroup;
			children = (
				A1A9EE16201FC9DE00E6C605 /* TicTacToe.app */,
				A1A9EE2A201FC9DE00E6C605 /* TicTacToeTests.xctest */,
				A1A9EE35201FC9DE00E6C605 /* TicTacToeUITests.xctest */,
			);
			name = Products;
			sourceTree = "<group>";
		};
		A1A9EE18201FC9DE00E6C605 /* TicTacToe */ = {
			isa = PBXGroup;
			children = (
				A1A9EE19201FC9DE00E6C605 /* AppDelegate.swift */,
				A1A9EE1B201FC9DE00E6C605 /* ViewController.swift */,
				A1A9EE1D201FC9DE00E6C605 /* Main.storyboard */,
				A1A9EE20201FC9DE00E6C605 /* Assets.xcassets */,
				A1A9EE22201FC9DE00E6C605 /* LaunchScreen.storyboard */,
				A1A9EE25201FC9DE00E6C605 /* Info.plist */,
			);
			path = TicTacToe;
			sourceTree = "<group>";
		};
		A1A9EE2D201FC9DE00E6C605 /* TicTacToeTests */ = {
			isa = PBXGroup;
			children = (
				A1A9EE2E201FC9DE00E6C605 /* TicTacToeTests.swift */,
				A1A9EE30201FC9DE00E6C605 /* Info.plist */,
			);
			path = TicTacToeTests;
			sourceTree = "<group>";
		};
		A1A9EE38201FC9DE00E6C605 /* TicTacToeUITests */ = {
			isa = PBXGroup;
			children = (
				A1A9EE39201FC9DE00E6C605 /* TicTacToeUITests.swift */,
				A1A9EE3B201FC9DE00E6C605 /* Info.plist */,
			);
			path = TicTacToeUITests;
			sourceTree = "<group>";
		};
/* End PBXGroup section */

/* Begin PBXNativeTarget section */
		A1A9EE15201FC9DE00E6C605 /* TicTacToe */ = {
			isa = PBXNativeTarget;
			buildConfigurationList = A1A9EE3E201FC9DE00E6C605 /* Build configuration list for PBXNativeTarget "TicTacToe" */;
			buildPhases = (
				A1A9EE12201FC9DE00E6C605 /* Sources */,
				A1A9EE13201FC9DE00E6C605 /* Frameworks */,
				A1A9EE14201FC9DE00E6C605 /* Resources */,
			);
			buildRules = (
			);
			dependencies = (
			);
			name = TicTacToe;
			productName = TicTacToe;
			productReference = A1A9EE16201FC9DE00E6C605 /* TicTacToe.app */;
			productType = "com.apple.product-type.application";
		};
		A1A9EE29201FC9DE00E6C605 /* TicTacToeTests */ = {
			isa = PBXNativeTarget;
			buildConfigurationList = A1A9EE41201FC9DE00E6C605 /* Build configuration list for PBXNativeTarget "TicTacToeTests" */;
			buildPhases = (
				A1A9EE26201FC9DE00E6C605 /* Sources */,
				A1A9EE27201FC9DE00E6C605 /* Frameworks */,
				A1A9EE28201FC9DE00E6C605 /* Resources */,
			);
			buildRules = (
			);
			dependencies = (
				A1A9EE2C201FC9DE00E6C605 /* PBXTargetDependency */,
			);
			name = TicTacToeTests;
			productName = TicTacToeTests;
			productReference = A1A9EE2A201FC9DE00E6C605 /* TicTacToeTests.xctest */;
			productType = "com.apple.product-type.bundle.unit-test";
		};
		A1A9EE34201FC9DE00E6C605 /* TicTacToeUITests */ = {
			isa = PBXNativeTarget;
			buildConfigurationList = A1A9EE44201FC9DE00E6C605 /* Build configuration list for PBXNativeTarget "TicTacToeUITests" */;
			buildPhases = (
				A1A9EE31201FC9DE00E6C605 /* Sources */,
				A1A9EE32201FC9DE00E6C605 /* Frameworks */,
				A1A9EE33201FC9DE00E6C605 /* Resources */,
			);
			buildRules = (
			);
			dependencies = (
				A1A9EE37201FC9DE00E6C605 /* PBXTargetDependency */,
			);
			name = TicTacToeUITests;
			productName = TicTacToeUITests;
			productReference = A1A9EE35201FC9DE00E6C605 /* TicTacToeUITests.xctest */;
			productType = "com.apple.product-type.bundle.ui-testing";
		};
/* End PBXNativeTarget section */

/* Begin PBXProject section */
		A1A9EE0E201FC9DE00E6C605 /* Project object */ = {
			isa = PBXProject;
			attributes = {
				LastSwiftUpdateCheck = 0920;
				LastUpgradeCheck = 0920;
				ORGANIZATIONNAME = "Emily Rainer";
				TargetAttributes = {
					A1A9EE15201FC9DE00E6C605 = {
						CreatedOnToolsVersion = 9.2;
						ProvisioningStyle = Automatic;
					};
					A1A9EE29201FC9DE00E6C605 = {
						CreatedOnToolsVersion = 9.2;
						ProvisioningStyle = Automatic;
						TestTargetID = A1A9EE15201FC9DE00E6C605;
					};
					A1A9EE34201FC9DE00E6C605 = {
						CreatedOnToolsVersion = 9.2;
						ProvisioningStyle = Automatic;
						TestTargetID = A1A9EE15201FC9DE00E6C605;
					};
				};
			};
			buildConfigurationList = A1A9EE11201FC9DE00E6C605 /* Build configuration list for PBXProject "TicTacToe" */;
			compatibilityVersion = "Xcode 8.0";
			developmentRegion = en;
			hasScannedForEncodings = 0;
			knownRegions = (
				en,
				Base,
			);
			mainGroup = A1A9EE0D201FC9DE00E6C605;
			productRefGroup = A1A9EE17201FC9DE00E6C605 /* Products */;
			projectDirPath = "";
			projectRoot = "";
			targets = (
				A1A9EE15201FC9DE00E6C605 /* TicTacToe */,
				A1A9EE29201FC9DE00E6C605 /* TicTacToeTests */,
				A1A9EE34201FC9DE00E6C605 /* TicTacToeUITests */,
			);
		};
/* End PBXProject section */

/* Begin PBXResourcesBuildPhase section */
		A1A9EE14201FC9DE00E6C605 /* Resources */ = {
			isa = PBXResourcesBuildPhase;
			buildActionMask = 2147483647;
			files = (
				A1A9EE24201FC9DE00E6C605 /* LaunchScreen.storyboard in Resources */,
				A1A9EE21201FC9DE00E6C605 /* Assets.xcassets in Resources */,
				A1A9EE1F201FC9DE00E6C605 /* Main.storyboard in Resources */,
			);
			runOnlyForDeploymentPostprocessing = 0;
		};
		A1A9EE28201FC9DE00E6C605 /* Resources */ = {
			isa = PBXResourcesBuildPhase;
			buildActionMask = 2147483647;
			files = (
			);
			runOnlyForDeploymentPostprocessing = 0;
		};
		A1A9EE33201FC9DE00E6C605 /* Resources */ = {
			isa = PBXResourcesBuildPhase;
			buildActionMask = 2147483647;
			files = (
			);
			runOnlyForDeploymentPostprocessing = 0;
		};
/* End PBXResourcesBuildPhase section */

/* Begin PBXSourcesBuildPhase section */
		A1A9EE12201FC9DE00E6C605 /* Sources */ = {
			isa = PBXSourcesBuildPhase;
			buildActionMask = 2147483647;
			files = (
				A1A9EE1C201FC9DE00E6C605 /* ViewController.swift in Sources */,
				A1A9EE1A201FC9DE00E6C605 /* AppDelegate.swift in Sources */,
			);
			runOnlyForDeploymentPostprocessing = 0;
		};
		A1A9EE26201FC9DE00E6C605 /* Sources */ = {
			isa = PBXSourcesBuildPhase;
			buildActionMask = 2147483647;
			files = (
				A1A9EE2F201FC9DE00E6C605 /* TicTacToeTests.swift in Sources */,
			);
			runOnlyForDeploymentPostprocessing = 0;
		};
		A1A9EE31201FC9DE00E6C605 /* Sources */ = {
			isa = PBXSourcesBuildPhase;
			buildActionMask = 2147483647;
			files = (
				A1A9EE3A201FC9DE00E6C605 /* TicTacToeUITests.swift in Sources */,
			);
			runOnlyForDeploymentPostprocessing = 0;
		};
/* End PBXSourcesBuildPhase section */

/* Begin PBXTargetDependency section */
		A1A9EE2C201FC9DE00E6C605 /* PBXTargetDependency */ = {
			isa = PBXTargetDependency;
			target = A1A9EE15201FC9DE00E6C605 /* TicTacToe */;
			targetProxy = A1A9EE2B201FC9DE00E6C605 /* PBXContainerItemProxy */;
		};
		A1A9EE37201FC9DE00E6C605 /* PBXTargetDependency */ = {
			isa = PBXTargetDependency;
			target = A1A9EE15201FC9DE00E6C605 /* TicTacToe */;
			targetProxy = A1A9EE36201FC9DE00E6C605 /* PBXContainerItemProxy */;
		};
/* End PBXTargetDependency section */

/* Begin PBXVariantGroup section */
		A1A9EE1D201FC9DE00E6C605 /* Main.storyboard */ = {
			isa = PBXVariantGroup;
			children = (
				A1A9EE1E201FC9DE00E6C605 /* Base */,
			);
			name = Main.storyboard;
			sourceTree = "<group>";
		};
		A1A9EE22201FC9DE00E6C605 /* LaunchScreen.storyboard */ = {
			isa = PBXVariantGroup;
			children = (
				A1A9EE23201FC9DE00E6C605 /* Base */,
			);
			name = LaunchScreen.storyboard;
			sourceTree = "<group>";
		};
/* End PBXVariantGroup section */

/* Begin XCBuildConfiguration section */
		A1A9EE3C201FC9DE00E6C605 /* Debug */ = {
			isa = XCBuildConfiguration;
			buildSettings = {
				ALWAYS_SEARCH_USER_PATHS = NO;
				CLANG_ANALYZER_NONNULL = YES;
				CLANG_ANALYZER_NUMBER_OBJECT_CONVERSION = YES_AGGRESSIVE;
				CLANG_CXX_LANGUAGE_STANDARD = "gnu++14";
				CLANG_CXX_LIBRARY = "libc++";
				CLANG_ENABLE_MODULES = YES;
				CLANG_ENABLE_OBJC_ARC = YES;
				CLANG_WARN_BLOCK_CAPTURE_AUTORELEASING = YES;
				CLANG_WARN_BOOL_CONVERSION = YES;
				CLANG_WARN_COMMA = YES;
				CLANG_WARN_CONSTANT_CONVERSION = YES;
				CLANG_WARN_DIRECT_OBJC_ISA_USAGE = YES_ERROR;
				CLANG_WARN_DOCUMENTATION_COMMENTS = YES;
				CLANG_WARN_EMPTY_BODY = YES;
				CLANG_WARN_ENUM_CONVERSION = YES;
				CLANG_WARN_INFINITE_RECURSION = YES;
				CLANG_WARN_INT_CONVERSION = YES;
				CLANG_WARN_NON_LITERAL_NULL_CONVERSION = YES;
				CLANG_WARN_OBJC_LITERAL_CONVERSION = YES;
				CLANG_WARN_OBJC_ROOT_CLASS = YES_ERROR;
				CLANG_WARN_RANGE_LOOP_ANALYSIS = YES;
				CLANG_WARN_STRICT_PROTOTYPES = YES;
				CLANG_WARN_SUSPICIOUS_MOVE = YES;
				CLANG_WARN_UNGUARDED_AVAILABILITY = YES_AGGRESSIVE;
				CLANG_WARN_UNREACHABLE_CODE = YES;
				CLANG_WARN__DUPLICATE_METHOD_MATCH = YES;
				CODE_SIGN_IDENTITY = "iPhone Developer";
				COPY_PHASE_STRIP = NO;
				DEBUG_INFORMATION_FORMAT = dwarf;
				ENABLE_STRICT_OBJC_MSGSEND = YES;
				ENABLE_TESTABILITY = YES;
				GCC_C_LANGUAGE_STANDARD = gnu11;
				GCC_DYNAMIC_NO_PIC = NO;
				GCC_NO_COMMON_BLOCKS = YES;
				GCC_OPTIMIZATION_LEVEL = 0;
				GCC_PREPROCESSOR_DEFINITIONS = (
					"DEBUG=1",
					"$(inherited)",
				);
				GCC_WARN_64_TO_32_BIT_CONVERSION = YES;
				GCC_WARN_ABOUT_RETURN_TYPE = YES_ERROR;
				GCC_WARN_UNDECLARED_SELECTOR = YES;
				GCC_WARN_UNINITIALIZED_AUTOS = YES_AGGRESSIVE;
				GCC_WARN_UNUSED_FUNCTION = YES;
				GCC_WARN_UNUSED_VARIABLE = YES;
				IPHONEOS_DEPLOYMENT_TARGET = 11.2;
				MTL_ENABLE_DEBUG_INFO = YES;
				ONLY_ACTIVE_ARCH = YES;
				SDKROOT = iphoneos;
				SWIFT_ACTIVE_COMPILATION_CONDITIONS = DEBUG;
				SWIFT_OPTIMIZATION_LEVEL = "-Onone";
			};
			name = Debug;
		};
		A1A9EE3D201FC9DE00E6C605 /* Release */ = {
			isa = XCBuildConfiguration;
			buildSettings = {
				ALWAYS_SEARCH_USER_PATHS = NO;
				CLANG_ANALYZER_NONNULL = YES;
				CLANG_ANALYZER_NUMBER_OBJECT_CONVERSION = YES_AGGRESSIVE;
				CLANG_CXX_LANGUAGE_STANDARD = "gnu++14";
				CLANG_CXX_LIBRARY = "libc++";
				CLANG_ENABLE_MODULES = YES;
				CLANG_ENABLE_OBJC_ARC = YES;
				CLANG_WARN_BLOCK_CAPTURE_AUTORELEASING = YES;
				CLANG_WARN_BOOL_CONVERSION = YES;
				CLANG_WARN_COMMA = YES;
				CLANG_WARN_CONSTANT_CONVERSION = YES;
				CLANG_WARN_DIRECT_OBJC_ISA_USAGE = YES_ERROR;
				CLANG_WARN_DOCUMENTATION_COMMENTS = YES;
				CLANG_WARN_EMPTY_BODY = YES;
				CLANG_WARN_ENUM_CONVERSION = YES;
				CLANG_WARN_INFINITE_RECURSION = YES;
				CLANG_WARN_INT_CONVERSION = YES;
				CLANG_WARN_NON_LITERAL_NULL_CONVERSION = YES;
				CLANG_WARN_OBJC_LITERAL_CONVERSION = YES;
				CLANG_WARN_OBJC_ROOT_CLASS = YES_ERROR;
				CLANG_WARN_RANGE_LOOP_ANALYSIS = YES;
				CLANG_WARN_STRICT_PROTOTYPES = YES;
				CLANG_WARN_SUSPICIOUS_MOVE = YES;
				CLANG_WARN_UNGUARDED_AVAILABILITY = YES_AGGRESSIVE;
				CLANG_WARN_UNREACHABLE_CODE = YES;
				CLANG_WARN__DUPLICATE_METHOD_MATCH = YES;
				CODE_SIGN_IDENTITY = "iPhone Developer";
				COPY_PHASE_STRIP = NO;
				DEBUG_INFORMATION_FORMAT = "dwarf-with-dsym";
				ENABLE_NS_ASSERTIONS = NO;
				ENABLE_STRICT_OBJC_MSGSEND = YES;
				GCC_C_LANGUAGE_STANDARD = gnu11;
				GCC_NO_COMMON_BLOCKS = YES;
				GCC_WARN_64_TO_32_BIT_CONVERSION = YES;
				GCC_WARN_ABOUT_RETURN_TYPE = YES_ERROR;
				GCC_WARN_UNDECLARED_SELECTOR = YES;
				GCC_WARN_UNINITIALIZED_AUTOS = YES_AGGRESSIVE;
				GCC_WARN_UNUSED_FUNCTION = YES;
				GCC_WARN_UNUSED_VARIABLE = YES;
				IPHONEOS_DEPLOYMENT_TARGET = 11.2;
				MTL_ENABLE_DEBUG_INFO = NO;
				SDKROOT = iphoneos;
				SWIFT_OPTIMIZATION_LEVEL = "-Owholemodule";
				VALIDATE_PRODUCT = YES;
			};
			name = Release;
		};
		A1A9EE3F201FC9DE00E6C605 /* Debug */ = {
			isa = XCBuildConfiguration;
			buildSettings = {
				ASSETCATALOG_COMPILER_APPICON_NAME = AppIcon;
				CODE_SIGN_STYLE = Automatic;
				INFOPLIST_FILE = TicTacToe/Info.plist;
				LD_RUNPATH_SEARCH_PATHS = "$(inherited) @executable_path/Frameworks";
				PRODUCT_BUNDLE_IDENTIFIER = com.erainer.TicTacToe;
				PRODUCT_NAME = "$(TARGET_NAME)";
				SWIFT_VERSION = 4.0;
				TARGETED_DEVICE_FAMILY = "1,2";
			};
			name = Debug;
		};
		A1A9EE40201FC9DE00E6C605 /* Release */ = {
			isa = XCBuildConfiguration;
			buildSettings = {
				ASSETCATALOG_COMPILER_APPICON_NAME = AppIcon;
				CODE_SIGN_STYLE = Automatic;
				INFOPLIST_FILE = TicTacToe/Info.plist;
				LD_RUNPATH_SEARCH_PATHS = "$(inherited) @executable_path/Frameworks";
				PRODUCT_BUNDLE_IDENTIFIER = com.erainer.TicTacToe;
				PRODUCT_NAME = "$(TARGET_NAME)";
				SWIFT_VERSION = 4.0;
				TARGETED_DEVICE_FAMILY = "1,2";
			};
			name = Release;
		};
		A1A9EE42201FC9DE00E6C605 /* Debug */ = {
			isa = XCBuildConfiguration;
			buildSettings = {
				ALWAYS_EMBED_SWIFT_STANDARD_LIBRARIES = YES;
				BUNDLE_LOADER = "$(TEST_HOST)";
				CODE_SIGN_STYLE = Automatic;
				INFOPLIST_FILE = TicTacToeTests/Info.plist;
				LD_RUNPATH_SEARCH_PATHS = "$(inherited) @executable_path/Frameworks @loader_path/Frameworks";
				PRODUCT_BUNDLE_IDENTIFIER = com.erainer.TicTacToeTests;
				PRODUCT_NAME = "$(TARGET_NAME)";
				SWIFT_VERSION = 4.0;
				TARGETED_DEVICE_FAMILY = "1,2";
				TEST_HOST = "$(BUILT_PRODUCTS_DIR)/TicTacToe.app/TicTacToe";
			};
			name = Debug;
		};
		A1A9EE43201FC9DE00E6C605 /* Release */ = {
			isa = XCBuildConfiguration;
			buildSettings = {
				ALWAYS_EMBED_SWIFT_STANDARD_LIBRARIES = YES;
				BUNDLE_LOADER = "$(TEST_HOST)";
				CODE_SIGN_STYLE = Automatic;
				INFOPLIST_FILE = TicTacToeTests/Info.plist;
				LD_RUNPATH_SEARCH_PATHS = "$(inherited) @executable_path/Frameworks @loader_path/Frameworks";
				PRODUCT_BUNDLE_IDENTIFIER = com.erainer.TicTacToeTests;
				PRODUCT_NAME = "$(TARGET_NAME)";
				SWIFT_VERSION = 4.0;
				TARGETED_DEVICE_FAMILY = "1,2";
				TEST_HOST = "$(BUILT_PRODUCTS_DIR)/TicTacToe.app/TicTacToe";
			};
			name = Release;
		};
		A1A9EE45201FC9DE00E6C605 /* Debug */ = {
			isa = XCBuildConfiguration;
			buildSettings = {
				ALWAYS_EMBED_SWIFT_STANDARD_LIBRARIES = YES;
				CODE_SIGN_STYLE = Automatic;
				INFOPLIST_FILE = TicTacToeUITests/Info.plist;
				LD_RUNPATH_SEARCH_PATHS = "$(inherited) @executable_path/Frameworks @loader_path/Frameworks";
				PRODUCT_BUNDLE_IDENTIFIER = com.erainer.TicTacToeUITests;
				PRODUCT_NAME = "$(TARGET_NAME)";
				SWIFT_VERSION = 4.0;
				TARGETED_DEVICE_FAMILY = "1,2";
				TEST_TARGET_NAME = TicTacToe;
			};
			name = Debug;
		};
		A1A9EE46201FC9DE00E6C605 /* Release */ = {
			isa = XCBuildConfiguration;
			buildSettings = {
				ALWAYS_EMBED_SWIFT_STANDARD_LIBRARIES = YES;
				CODE_SIGN_STYLE = Automatic;
				INFOPLIST_FILE = TicTacToeUITests/Info.plist;
				LD_RUNPATH_SEARCH_PATHS = "$(inherited) @executable_path/Frameworks @loader_path/Frameworks";
				PRODUCT_BUNDLE_IDENTIFIER = com.erainer.TicTacToeUITests;
				PRODUCT_NAME = "$(TARGET_NAME)";
				SWIFT_VERSION = 4.0;
				TARGETED_DEVICE_FAMILY = "1,2";
				TEST_TARGET_NAME = TicTacToe;
			};
			name = Release;
		};
/* End XCBuildConfiguration section */

/* Begin XCConfigurationList section */
		A1A9EE11201FC9DE00E6C605 /* Build configuration list for PBXProject "TicTacToe" */ = {
			isa = XCConfigurationList;
			buildConfigurations = (
				A1A9EE3C201FC9DE00E6C605 /* Debug */,
				A1A9EE3D201FC9DE00E6C605 /* Release */,
			);
			defaultConfigurationIsVisible = 0;
			defaultConfigurationName = Release;
		};
		A1A9EE3E201FC9DE00E6C605 /* Build configuration list for PBXNativeTarget "TicTacToe" */ = {
			isa = XCConfigurationList;
			buildConfigurations = (
				A1A9EE3F201FC9DE00E6C605 /* Debug */,
				A1A9EE40201FC9DE00E6C605 /* Release */,
			);
			defaultConfigurationIsVisible = 0;
			defaultConfigurationName = Release;
		};
		A1A9EE41201FC9DE00E6C605 /* Build configuration list for PBXNativeTarget "TicTacToeTests" */ = {
			isa = XCConfigurationList;
			buildConfigurations = (
				A1A9EE42201FC9DE00E6C605 /* Debug */,
				A1A9EE43201FC9DE00E6C605 /* Release */,
			);
			defaultConfigurationIsVisible = 0;
			defaultConfigurationName = Release;
		};
		A1A9EE44201FC9DE00E6C605 /* Build configuration list for PBXNativeTarget "TicTacToeUITests" */ = {
			isa = XCConfigurationList;
			buildConfigurations = (
				A1A9EE45201FC9DE00E6C605 /* Debug */,
				A1A9EE46201FC9DE00E6C605 /* Release */,
			);
			defaultConfigurationIsVisible = 0;
			defaultConfigurationName = Release;
		};
/* End XCConfigurationList section */
	};
	rootObject = A1A9EE0E201FC9DE00E6C605 /* Project object */;
}
